
Microsoft Visual Studio Solution File, Format Version 12.00
# Visual Studio 15
VisualStudioVersion = 15.0.28307.421
MinimumVisualStudioVersion = 10.0.40219.1
Project("{FAE04EC0-301F-11D3-BF4B-00C04F79EFBC}") = "insurance-premium-calculator", "insurance-premium-calculator\insurance-premium-calculator.csproj", "{F375B827-67FC-4B76-9AC7-4FE824AAE2FA}"
EndProject
Project("{FAE04EC0-301F-11D3-BF4B-00C04F79EFBC}") = "insurance-premium-calculator.Tests", "insurance-premium-calculator.Tests\insurance-premium-calculator.Tests.csproj", "{072D9C44-A7B2-4336-A190-6D4A41E33468}"
EndProject
Global
	GlobalSection(SolutionConfigurationPlatforms) = preSolution
		Debug|Any CPU = Debug|Any CPU
		Release|Any CPU = Release|Any CPU
	EndGlobalSection
	GlobalSection(ProjectConfigurationPlatforms) = postSolution
		{F375B827-67FC-4B76-9AC7-4FE824AAE2FA}.Debug|Any CPU.ActiveCfg = Debug|Any CPU
		{F375B827-67FC-4B76-9AC7-4FE824AAE2FA}.Debug|Any CPU.Build.0 = Debug|Any CPU
		{F375B827-67FC-4B76-9AC7-4FE824AAE2FA}.Release|Any CPU.ActiveCfg = Release|Any CPU
		{F375B827-67FC-4B76-9AC7-4FE824AAE2FA}.Release|Any CPU.Build.0 = Release|Any CPU
		{072D9C44-A7B2-4336-A190-6D4A41E33468}.Debug|Any CPU.ActiveCfg = Debug|Any CPU
		{072D9C44-A7B2-4336-A190-6D4A41E33468}.Debug|Any CPU.Build.0 = Debug|Any CPU
		{072D9C44-A7B2-4336-A190-6D4A41E33468}.Release|Any CPU.ActiveCfg = Release|Any CPU
		{072D9C44-A7B2-4336-A190-6D4A41E33468}.Release|Any CPU.Build.0 = Release|Any CPU
	EndGlobalSection
	GlobalSection(SolutionProperties) = preSolution
		HideSolutionNode = FALSE
	EndGlobalSection
	GlobalSection(ExtensibilityGlobals) = postSolution
		SolutionGuid = {E88D9BCC-B969-4A82-B8C6-BBF0B3755FBC}
	EndGlobalSection
EndGlobal
